{
  "name": "scotty-claude-server-build",
  "version": "0.0.0",
  "lockfileVersion": 3,
  "requires": true,
  "packages": {
    "": {
      "name": "scotty-claude-server-build",
      "version": "0.0.0",
      "dependencies": {
        "@anthropic-ai/claude-agent-sdk": "0.3.281",
        "@effect/platform-node": "4.0.0-rc.112",
        "@effect/platform-node-shared": "4.0.0-rc.112",
        "effect": "4.0.0-rc.112"
      }
    },
    "node_modules/@anthropic-ai/claude-agent-sdk": {
      "version": "0.3.281",
      "resolved": "https://registry.npmjs.org/@anthropic-ai/claude-agent-sdk/-/claude-agent-sdk-0.3.281.tgz",
      "integrity": "sha512-JTbluTKmY3wKQPIXzeCTvz/K0FElTuQU5Y7ueLgUOBrHcks8cHlGugEgIRezffhc13WzBAqYtaY15tJ+Bfunzg==",
      "license": "SEE LICENSE IN README.md",
      "engines": {
        "node": ">=18.0.0"
      },
      "optionalDependencies": {
        "@anthropic-ai/claude-agent-sdk-darwin-arm64": "0.3.281",
        "@anthropic-ai/claude-agent-sdk-darwin-x64": "0.3.281",
        "@anthropic-ai/claude-agent-sdk-linux-arm64": "0.3.281",
        "@anthropic-ai/claude-agent-sdk-linux-arm64-musl": "0.3.281",
        "@anthropic-ai/claude-agent-sdk-linux-x64": "0.3.281",
        "@anthropic-ai/claude-agent-sdk-linux-x64-musl": "0.3.281",
        "@anthropic-ai/claude-agent-sdk-win32-arm64": "0.3.281",
        "@anthropic-ai/claude-agent-sdk-win32-x64": "0.3.281"
      },
      "peerDependencies": {
        "@anthropic-ai/sdk": ">=0.93.0",
        "@modelcontextprotocol/sdk": "^1.29.0",
        "zod": "^4.0.0"
      }
    },
    "node_modules/@anthropic-ai/claude-agent-sdk-darwin-arm64": {
      "version": "0.3.281",
      "resolved": "https://registry.npmjs.org/@anthropic-ai/claude-agent-sdk-darwin-arm64/-/claude-agent-sdk-darwin-arm64-0.3.281.tgz",
      "integrity": "sha512-wydRJU0CX7c/w1qEsgqGUJFzmlOMTvUpBkWHsj1pJFbrRFQUnIW0EWor+pDd4WiKWWihVqUhYEA+3LTmUiLZIQ==",
      "cpu": [
        "arm64"
      ],
      "license": "SEE LICENSE IN LICENSE.md",
      "optional": true,
      "os": [
        "darwin"
      ]
    },
    "node_modules/@anthropic-ai/claude-agent-sdk-darwin-x64": {
      "version": "0.3.281",
      "resolved": "https://registry.npmjs.org/@anthropic-ai/claude-agent-sdk-darwin-x64/-/claude-agent-sdk-darwin-x64-0.3.281.tgz",
      "integrity": "sha512-yvtdCwCimbI7dcFcQ204gEX4quzZBcyW2orCh8ESlkZY/Mn480qKCjyKWGuR17vGKGePynoiS1W895rxWNfHZQ==",
      "cpu": [
        "x64"
      ],
      "license": "SEE LICENSE IN LICENSE.md",
      "optional": true,
      "os": [
        "darwin"
      ]
    },
    "node_modules/@anthropic-ai/claude-agent-sdk-linux-arm64": {
      "version": "0.3.281",
      "resolved": "https://registry.npmjs.org/@anthropic-ai/claude-agent-sdk-linux-arm64/-/claude-agent-sdk-linux-arm64-0.3.281.tgz",
      "integrity": "sha512-PrxuObUGayjtUS6yq5Sz+dMNXn8KaK1BeIXG/PRE+85Wt9DzchoIduycIoFaXWrG0xbbzYz0AKwttNqSAeDdSA==",
      "cpu": [
        "arm64"
      ],
      "license": "SEE LICENSE IN LICENSE.md",
      "optional": true,
      "os": [
        "linux"
      ]
    },
    "node_modules/@anthropic-ai/claude-agent-sdk-linux-arm64-musl": {
      "version": "0.3.281",
      "resolved": "https://registry.npmjs.org/@anthropic-ai/claude-agent-sdk-linux-arm64-musl/-/claude-agent-sdk-linux-arm64-musl-0.3.281.tgz",
      "integrity": "sha512-B5l5tnO0ymQjGSq+uZBnwLb8IdCj+gr/niKoxiUDqzfh7OPwuGyceq/g7bpzZ6VC/U7+Zsjv+Gce/VzcKVT1pA==",
      "cpu": [
        "arm64"
      ],
      "license": "SEE LICENSE IN LICENSE.md",
      "optional": true,
      "os": [
        "linux"
      ]
    },
    "node_modules/@anthropic-ai/claude-agent-sdk-linux-x64": {
      "version": "0.3.281",
      "resolved": "https://registry.npmjs.org/@anthropic-ai/claude-agent-sdk-linux-x64/-/claude-agent-sdk-linux-x64-0.3.281.tgz",
      "integrity": "sha512-3kxVGQrn9wNeFZV0MJEXI0XOj7U8e/1wL41W2MInYVIVWJnTanuX+pPqQH2DzyVNRcw6CMP5k3eockewGptWig==",
      "cpu": [
        "x64"
      ],
      "license": "SEE LICENSE IN LICENSE.md",
      "optional": true,
      "os": [
        "linux"
      ]
    },
    "node_modules/@anthropic-ai/claude-agent-sdk-linux-x64-musl": {
      "version": "0.3.281",
      "resolved": "https://registry.npmjs.org/@anthropic-ai/claude-agent-sdk-linux-x64-musl/-/claude-agent-sdk-linux-x64-musl-0.3.281.tgz",
      "integrity": "sha512-H+TWmbIhlEvZcOGJ6S9BQBBQuizaXfDhdSjgWbP6JGTrfW+U8dm49/0I9pdjHB2VT+1zgFzIt1YkkfkvSGtOVQ==",
      "cpu": [
        "x64"
      ],
      "license": "SEE LICENSE IN LICENSE.md",
      "optional": true,
      "os": [
        "linux"
      ]
    },
    "node_modules/@anthropic-ai/claude-agent-sdk-win32-arm64": {
      "version": "0.3.281",
      "resolved": "https://registry.npmjs.org/@anthropic-ai/claude-agent-sdk-win32-arm64/-/claude-agent-sdk-win32-arm64-0.3.281.tgz",
      "integrity": "sha512-ySM49+TS94VrMkIzk65RHcNKfvXKhx6YuR2mplw8BbaYpcnKL4RTAr5WVbH1JhMLjPEBaDGSP1uCLZy/YkA9gg==",
      "cpu": [
        "arm64"
      ],
      "license": "SEE LICENSE IN LICENSE.md",
      "optional": true,
      "os": [
        "win32"
      ]
    },
    "node_modules/@anthropic-ai/claude-agent-sdk-win32-x64": {
      "version": "0.3.281",
      "resolved": "https://registry.npmjs.org/@anthropic-ai/claude-agent-sdk-win32-x64/-/claude-agent-sdk-win32-x64-0.3.281.tgz",
      "integrity": "sha512-hbnymWj9O31K0VMd/VOpMTZ0CNT3BkwgGGe84zHdAP6MDxmoZvqyS94UEaLQit3xmozCxfkfGns7/WgWH1Q6Sg==",
      "cpu": [
        "x64"
      ],
      "license": "SEE LICENSE IN LICENSE.md",
      "optional": true,
      "os": [
        "win32"
      ]
    },
    "node_modules/@effect/platform-node": {
      "version": "4.0.0-rc.112",
      "resolved": "https://registry.npmjs.org/@effect/platform-node/-/platform-node-4.0.0-rc.112.tgz",
      "integrity": "sha512-/BMAcdNGQQskLmI0Zoa95KfTZkr9HV9N4NSxaSrusG6GeW6Ulp9KvZ+Rlaiw8lnOt43CXjFLdfll5/k5rxL4hQ==",
      "license": "MIT",
      "dependencies": {
        "@effect/platform-node-shared": "^4.0.0-rc.112",
        "mime": "^4.1.0",
        "undici": "^8.10.0"
      },
      "engines": {
        "node": ">=18.0.0"
      },
      "peerDependencies": {
        "effect": "^4.0.0-rc.112",
        "redis": ">=5.0.0 <7.0.0"
      }
    },
    "node_modules/@effect/platform-node-shared": {
      "version": "4.0.0-rc.112",
      "resolved": "https://registry.npmjs.org/@effect/platform-node-shared/-/platform-node-shared-4.0.0-rc.112.tgz",
      "integrity": "sha512-ttjz0xKamFN7vL8pNDYVwddJLjZvqKePc05djlz2VcdaKbLsnYbtMnL1rbOfHgEnIUSHGh7FkjaN4DM1Ov81sQ==",
      "license": "MIT",
      "dependencies": {
        "@types/ws": "^8.18.1",
        "ws": "^8.21.3"
      },
      "engines": {
        "node": ">=18.0.0"
      },
      "peerDependencies": {
        "effect": "^4.0.0-rc.112"
      }
    },
    "node_modules/@msgpackr-extract/msgpackr-extract-darwin-arm64": {
      "version": "3.0.4",
      "resolved": "https://registry.npmjs.org/@msgpackr-extract/msgpackr-extract-darwin-arm64/-/msgpackr-extract-darwin-arm64-3.0.4.tgz",
      "integrity": "sha512-LCkGo6JDfaBhgST7UpPWgNgLINpcpabaHfyz5OBx75nUYxBsaEPxjnyNjWpeb/xBup/682QnBfRBy2/LvPutZQ==",
      "cpu": [
        "arm64"
      ],
      "license": "MIT",
      "optional": true,
      "os": [
        "darwin"
      ]
    },
    "node_modules/@msgpackr-extract/msgpackr-extract-darwin-x64": {
      "version": "3.0.4",
      "resolved": "https://registry.npmjs.org/@msgpackr-extract/msgpackr-extract-darwin-x64/-/msgpackr-extract-darwin-x64-3.0.4.tgz",
      "integrity": "sha512-zExlW9zUJKZH/tOtVMttwjKa4Xm/3KcNjnE3dPN92uCktwavMxpgCA3MoJK/DOnTWsQgo224OaST27/mPNAf+w==",
      "cpu": [
        "x64"
      ],
      "license": "MIT",
      "optional": true,
      "os": [
        "darwin"
      ]
    },
    "node_modules/@msgpackr-extract/msgpackr-extract-linux-arm": {
      "version": "3.0.4",
      "resolved": "https://registry.npmjs.org/@msgpackr-extract/msgpackr-extract-linux-arm/-/msgpackr-extract-linux-arm-3.0.4.tgz",
      "integrity": "sha512-Tg3yX65f5GbtXLkrYEHE5oibZG9epyYWas7FogTTEJeDEF9JlXJzKgXaNhT3UXlTOeA+AfZpYZYZ0uPj7Cfquw==",
      "cpu": [
        "arm"
      ],
      "license": "MIT",
      "optional": true,
      "os": [
        "linux"
      ]
    },
    "node_modules/@msgpackr-extract/msgpackr-extract-linux-arm64": {
      "version": "3.0.4",
      "resolved": "https://registry.npmjs.org/@msgpackr-extract/msgpackr-extract-linux-arm64/-/msgpackr-extract-linux-arm64-3.0.4.tgz",
      "integrity": "sha512-dgX0P/9wGPJeHFBG+ZmhgE6bmtMt7NP5CRBGyyktpopdk/mW4POnrpQsSLtKI1dwpc+pPLuXHDh6vvskyQE/sw==",
      "cpu": [
        "arm64"
      ],
      "license": "MIT",
      "optional": true,
      "os": [
        "linux"
      ]
    },
    "node_modules/@msgpackr-extract/msgpackr-extract-linux-x64": {
      "version": "3.0.4",
      "resolved": "https://registry.npmjs.org/@msgpackr-extract/msgpackr-extract-linux-x64/-/msgpackr-extract-linux-x64-3.0.4.tgz",
      "integrity": "sha512-8TNXMEjJc3QEy7R/x1INhgiU+XakDAFUzBhaz7+Rbrs8NH5UQeHQxxmzsSBJGyV6I1jW79undiQm8tOI+D+8FQ==",
      "cpu": [
        "x64"
      ],
      "license": "MIT",
      "optional": true,
      "os": [
        "linux"
      ]
    },
    "node_modules/@msgpackr-extract/msgpackr-extract-win32-x64": {
      "version": "3.0.4",
      "resolved": "https://registry.npmjs.org/@msgpackr-extract/msgpackr-extract-win32-x64/-/msgpackr-extract-win32-x64-3.0.4.tgz",
      "integrity": "sha512-CmCXPQrkbwExx3j946/PtHWHbYJiCRBRDl4BlkRQcJB/YOwQxJRTpoo7aTsortjgoJ1x7opzTSxn7C+ASSLVjQ==",
      "cpu": [
        "x64"
      ],
      "license": "MIT",
      "optional": true,
      "os": [
        "win32"
      ]
    },
    "node_modules/@types/node": {
      "version": "26.6.2",
      "resolved": "https://registry.npmjs.org/@types/node/-/node-26.6.2.tgz",
      "integrity": "sha512-X1P21scMv4zGKLYqjdGjaKa7COa0RKVYYZZN/NfvLQ1JegxFhdhpZG/Lyn8AXx6CDUavKAd11v6BvfpkDByK8g==",
      "license": "MIT",
      "dependencies": {
        "undici-types": "~8.9.0"
      }
    },
    "node_modules/@types/ws": {
      "version": "8.18.1",
      "resolved": "https://registry.npmjs.org/@types/ws/-/ws-8.18.1.tgz",
      "integrity": "sha512-ThVF6DCVhA8kUGy+aazFQ4kXQ7E1Ty7A3ypFOe0IcJV8O/M511G99AW24irKrW56Wt44yG9+ij8FaqoBGkuBXg==",
      "license": "MIT",
      "dependencies": {
        "@types/node": "*"
      }
    },
    "node_modules/detect-libc": {
      "version": "2.1.2",
      "resolved": "https://registry.npmjs.org/detect-libc/-/detect-libc-2.1.2.tgz",
      "integrity": "sha512-Btj2BOOO83o3WyH59e8MgXsxEQVcarkUOpEYrubB0urwnN10yQ364rsiByU11nZlqWYZm05i/of7io4mzihBtQ==",
      "license": "Apache-2.0",
      "optional": true,
      "engines": {
        "node": ">=8"
      }
    },
    "node_modules/effect": {
      "version": "4.0.0-rc.112",
      "resolved": "https://registry.npmjs.org/effect/-/effect-4.0.0-rc.112.tgz",
      "integrity": "sha512-wXxwuh1Ywnv4cPRM3Wfa0vDwuOHnZ1TsTgHJkG9XgzND6inhBH9n1vBxhg3iIXOia/OrpmvVmd3lrD4vq6bF3A==",
      "license": "MIT",
      "dependencies": {
        "fast-check": "^4.9.0",
        "msgpackr": "^2.0.5"
      }
    },
    "node_modules/fast-check": {
      "version": "4.10.2",
      "resolved": "https://registry.npmjs.org/fast-check/-/fast-check-4.10.2.tgz",
      "integrity": "sha512-iK2f+YrcmoeGqk6fA0ea2bptcu/itMIm4NfEozq6N25+aG6h7s5HZbB/k1aV7b5w5sFLMCbbtRUsTVR+BgC3xw==",
      "funding": [
        {
          "type": "individual",
          "url": "https://github.com/sponsors/dubzzz"
        },
        {
          "type": "opencollective",
          "url": "https://opencollective.com/fast-check"
        }
      ],
      "license": "MIT",
      "dependencies": {
        "pure-rand": "^8.0.0"
      },
      "engines": {
        "node": ">=12.17.0"
      }
    },
    "node_modules/mime": {
      "version": "4.1.0",
      "resolved": "https://registry.npmjs.org/mime/-/mime-4.1.0.tgz",
      "integrity": "sha512-X5ju04+cAzsojXKes0B/S4tcYtFAJ6tTMuSPBEn9CPGlrWr8Fiw7qYeLT0XyH80HSoAoqWCaz+MWKh22P7G1cw==",
      "funding": [
        "https://github.com/sponsors/broofa"
      ],
      "license": "MIT",
      "bin": {
        "mime": "bin/cli.js"
      },
      "engines": {
        "node": ">=16"
      }
    },
    "node_modules/msgpackr": {
      "version": "2.1.0",
      "resolved": "https://registry.npmjs.org/msgpackr/-/msgpackr-2.1.0.tgz",
      "integrity": "sha512-p/pBCVO63CsvvpkomUnNNag6+n38rULuDA6HHe70o2gtC8ODI52foF/4ko2qQcp6OiErJXTmrZeXmsGGHsIQNQ==",
      "license": "MIT",
      "optionalDependencies": {
        "msgpackr-extract": "^3.0.4"
      }
    },
    "node_modules/msgpackr-extract": {
      "version": "3.0.4",
      "resolved": "https://registry.npmjs.org/msgpackr-extract/-/msgpackr-extract-3.0.4.tgz",
      "integrity": "sha512-4kmO/MdyUIkLIvTPr8VHLil4AtoKIoniWPIEk5+CDy0xnWC84azhSFmuJ7PxZdsYtiP5kEeQsORAVIeMgxT+Hw==",
      "hasInstallScript": true,
      "license": "MIT",
      "optional": true,
      "dependencies": {
        "node-gyp-build-optional-packages": "5.2.2"
      },
      "bin": {
        "download-msgpackr-prebuilds": "bin/download-prebuilds.js"
      },
      "optionalDependencies": {
        "@msgpackr-extract/msgpackr-extract-darwin-arm64": "3.0.4",
        "@msgpackr-extract/msgpackr-extract-darwin-x64": "3.0.4",
        "@msgpackr-extract/msgpackr-extract-linux-arm": "3.0.4",
        "@msgpackr-extract/msgpackr-extract-linux-arm64": "3.0.4",
        "@msgpackr-extract/msgpackr-extract-linux-x64": "3.0.4",
        "@msgpackr-extract/msgpackr-extract-win32-x64": "3.0.4"
      }
    },
    "node_modules/node-gyp-build-optional-packages": {
      "version": "5.2.2",
      "resolved": "https://registry.npmjs.org/node-gyp-build-optional-packages/-/node-gyp-build-optional-packages-5.2.2.tgz",
      "integrity": "sha512-s+w+rBWnpTMwSFbaE0UXsRlg7hU4FjekKU4eyAih5T8nJuNZT1nNsskXpxmeqSK9UzkBl6UgRlnKc8hz8IEqOw==",
      "license": "MIT",
      "optional": true,
      "dependencies": {
        "detect-libc": "^2.0.1"
      },
      "bin": {
        "node-gyp-build-optional-packages": "bin.js",
        "node-gyp-build-optional-packages-optional": "optional.js",
        "node-gyp-build-optional-packages-test": "build-test.js"
      }
    },
    "node_modules/pure-rand": {
      "version": "8.4.2",
      "resolved": "https://registry.npmjs.org/pure-rand/-/pure-rand-8.4.2.tgz",
      "integrity": "sha512-vvuOGgcuPJAirlHvuQw1TrOiw7ptaIXXmIbNuiNOY6lNGJJH49PQ1Kj4nd783nPdQhQdicgOjVI2yI/9BD6/Ng==",
      "funding": [
        {
          "type": "individual",
          "url": "https://github.com/sponsors/dubzzz"
        },
        {
          "type": "opencollective",
          "url": "https://opencollective.com/fast-check"
        }
      ],
      "license": "MIT"
    },
    "node_modules/undici": {
      "version": "8.11.0",
      "resolved": "https://registry.npmjs.org/undici/-/undici-8.11.0.tgz",
      "integrity": "sha512-AdzuGcAkzhbha3GgCSoUBx2P0quwym6qdFNCQz/fDGZc8w9XJ741wHUbt2kTmfPz+ZIOMkySFkiY7RXmiDDC8w==",
      "license": "MIT",
      "engines": {
        "node": ">=22.19.0"
      }
    },
    "node_modules/undici-types": {
      "version": "8.9.0",
      "resolved": "https://registry.npmjs.org/undici-types/-/undici-types-8.9.0.tgz",
      "integrity": "sha512-KTDyRTYX8sWmKXAikPHHSyc63CRPETMctyjKFupcC6OBLXT3xsN0e9aF7m+mIXutFWpUXuedtowG7iLOzp0kQg==",
      "license": "MIT"
    },
    "node_modules/ws": {
      "version": "8.21.3",
      "resolved": "https://registry.npmjs.org/ws/-/ws-8.21.3.tgz",
      "integrity": "sha512-201TZ/kPWxoPr/OKWjquZR1SWKXcvxdH+e1xrx89b3YbmzLMFCLfnaG1HFIgWzJOEWZ7MvpK++odZufgYR50Rw==",
      "license": "MIT",
      "engines": {
        "node": ">=10.0.0"
      },
      "peerDependencies": {
        "bufferutil": "^4.0.1",
        "utf-8-validate": ">=5.0.2"
      },
      "peerDependenciesMeta": {
        "bufferutil": {
          "optional": true
        },
        "utf-8-validate": {
          "optional": true
        }
      }
    }
  }
}
