{
  "name": "scotty-pi-packages",
  "version": "0.0.0",
  "lockfileVersion": 3,
  "requires": true,
  "packages": {
    "": {
      "name": "scotty-pi-packages",
      "version": "0.0.0",
      "dependencies": {
        "@ogulcancelik/pi-codex-compaction": "0.1.2"
      }
    },
    "node_modules/@ogulcancelik/pi-codex-compaction": {
      "version": "0.1.2",
      "resolved": "https://registry.npmjs.org/@ogulcancelik/pi-codex-compaction/-/pi-codex-compaction-0.1.2.tgz",
      "integrity": "sha512-mtHAxK0H+AONGRpHSptyM8ind7bARQkZ1JW3vcq6gZunPhPSv+Yg81Za6aobdz6lTD35lZos0QeNAXOBkZ8kPA==",
      "license": "MIT",
      "engines": {
        "node": ">=22.19.0"
      },
      "peerDependencies": {
        "@earendil-works/pi-ai": ">=0.80.10",
        "@earendil-works/pi-coding-agent": ">=0.80.10",
        "@earendil-works/pi-tui": ">=0.80.10"
      }
    }
  }
}
